
Microsoft Visual Studio Solution File, Format Version 12.00
# Visual Studio 14
VisualStudioVersion = 14.0.24720.0
MinimumVisualStudioVersion = 10.0.40219.1
Project("{FAE04EC0-301F-11D3-BF4B-00C04F79EFBC}") = "ProjektWPF", "ProjektWPF\ProjektWPF.csproj", "{76EBAFA9-62B5-4885-8F0C-8F7506A6074C}"
EndProject
Project("{2150E333-8FDC-42A3-9474-1A3956D46DE8}") = "images", "images", "{4EA17B2B-1510-4C63-968B-F7F6BDBEC96D}"
EndProject
Global
	GlobalSection(SolutionConfigurationPlatforms) = preSolution
		Debug|Any CPU = Debug|Any CPU
		Release|Any CPU = Release|Any CPU
	EndGlobalSection
	GlobalSection(ProjectConfigurationPlatforms) = postSolution
		{76EBAFA9-62B5-4885-8F0C-8F7506A6074C}.Debug|Any CPU.ActiveCfg = Debug|Any CPU
		{76EBAFA9-62B5-4885-8F0C-8F7506A6074C}.Debug|Any CPU.Build.0 = Debug|Any CPU
		{76EBAFA9-62B5-4885-8F0C-8F7506A6074C}.Release|Any CPU.ActiveCfg = Release|Any CPU
		{76EBAFA9-62B5-4885-8F0C-8F7506A6074C}.Release|Any CPU.Build.0 = Release|Any CPU
	EndGlobalSection
	GlobalSection(SolutionProperties) = preSolution
		HideSolutionNode = FALSE
	EndGlobalSection
EndGlobal
